21 résultats - 1 fichier

yarn.lock:
   1327      jest-util "^26.6.2"
   1328:     jest-worker "^26.6.2"
   1329      slash "^3.0.0"

   4538      arrify "^2.0.1"
   4539:     jest-worker "^26.6.2"
   4540      micromatch "^4.0.2"

   5018      tapable "^1.0.0"
   5019:     worker-rpc "^0.1.0"
   5020

   6291      jest-util "^26.6.2"
   6292:     jest-worker "^26.6.2"
   6293      micromatch "^4.0.2"

   6432      jest-util "^26.6.2"
   6433:     jest-worker "^26.6.2"
   6434      source-map-support "^0.5.6"

   6549
   6550: jest-worker@^24.9.0:
   6551    version "24.9.0"
   6552:   resolved "https://registry.yarnpkg.com/jest-worker/-/jest-worker-24.9.0.tgz#5dbfdb5b2d322e98567898238a9697bcce67b3e5"
   6553    integrity sha512-51PE4haMSXcHohnSMdM42anbvZANYTqMrr52tVKPqqsPJMzoP6FYYDVqahX/HrAoKEKz3uUPzSvKs9A3qR4iVw==

   6557
   6558: jest-worker@^26.5.0, jest-worker@^26.6.2:
   6559    version "26.6.2"
   6560:   resolved "https://registry.yarnpkg.com/jest-worker/-/jest-worker-26.6.2.tgz#7f72cbc4d643c365e27b9fd775f9d0eaa9c7a8ed"
   6561    integrity sha512-KWYVV1c4i+jbMpaBC+U++4Va0cp8OisU185o73T1vo99hqi7w8tSJfUXYswwqqrjzwxa6KpRK54WhPvwf5w6PQ==

   9448      "@babel/code-frame" "^7.5.5"
   9449:     jest-worker "^24.9.0"
   9450      rollup-pluginutils "^2.8.2"

  10347      find-cache-dir "^3.3.1"
  10348:     jest-worker "^26.5.0"
  10349      p-limit "^3.0.2"

  10368      webpack-sources "^1.4.0"
  10369:     worker-farm "^1.7.0"
  10370

  11256
  11257: worker-farm@^1.7.0:
  11258    version "1.7.0"
  11259:   resolved "https://registry.yarnpkg.com/worker-farm/-/worker-farm-1.7.0.tgz#26a94c5391bbca926152002f69b84a4bf772e5a8"
  11260    integrity sha512-rvw3QTZc8lAxyVrqcSGVm5yP/IJ2UcB3U0graE3LCFoZ0Yn2x4EoVSqJKdB/T5M+FLcRPjz4TDacRf3OCfNUzw==

  11263
  11264: worker-rpc@^0.1.0:
  11265    version "0.1.1"
  11266:   resolved "https://registry.yarnpkg.com/worker-rpc/-/worker-rpc-0.1.1.tgz#cb565bd6d7071a8f16660686051e969ad32f54d5"
  11267    integrity sha512-P1WjMrUB3qgJNI9jfmpZ/htmBEjFh//6l/5y8SD9hg1Ef5zTTVVoRjTrTEzPrNBQvmhMxkoTsjOXN10GWU7aCg==